
Microsoft Visual Studio Solution File, Format Version 12.00
# Visual Studio 15
VisualStudioVersion = 15.0.28010.2016
MinimumVisualStudioVersion = 10.0.40219.1
Project("{FAE04EC0-301F-11D3-BF4B-00C04F79EFBC}") = "WebApi.Domain", "WebApi.Domain\WebApi.Domain.csproj", "{984C2B67-F3A4-4362-AA28-A319859E01D3}"
EndProject
Project("{FAE04EC0-301F-11D3-BF4B-00C04F79EFBC}") = "WebApi.Data", "WebApi.Data\WebApi.Data.csproj", "{E8047783-ADD0-4B53-96D9-B87C572E7FAE}"
EndProject
Project("{FAE04EC0-301F-11D3-BF4B-00C04F79EFBC}") = "WebApi.Utils", "WebApi.Utils\WebApi.Utils.csproj", "{BCA07BC7-3D04-420A-B47B-FE64219899D4}"
EndProject
Project("{FAE04EC0-301F-11D3-BF4B-00C04F79EFBC}") = "WebApi.Api", "WebApi.Api\WebApi.Api.csproj", "{D00ECFB9-5393-4F36-A43C-46488B83F54F}"
EndProject
Project("{FAE04EC0-301F-11D3-BF4B-00C04F79EFBC}") = "WebApi.Application", "WebApi.Application\WebApi.Application.csproj", "{BBB5C051-9935-4232-9624-28B8B5B7C35D}"
EndProject
Global
	GlobalSection(SolutionConfigurationPlatforms) = preSolution
		Debug|Any CPU = Debug|Any CPU
		Release|Any CPU = Release|Any CPU
	EndGlobalSection
	GlobalSection(ProjectConfigurationPlatforms) = postSolution
		{984C2B67-F3A4-4362-AA28-A319859E01D3}.Debug|Any CPU.ActiveCfg = Debug|Any CPU
		{984C2B67-F3A4-4362-AA28-A319859E01D3}.Debug|Any CPU.Build.0 = Debug|Any CPU
		{984C2B67-F3A4-4362-AA28-A319859E01D3}.Release|Any CPU.ActiveCfg = Release|Any CPU
		{984C2B67-F3A4-4362-AA28-A319859E01D3}.Release|Any CPU.Build.0 = Release|Any CPU
		{E8047783-ADD0-4B53-96D9-B87C572E7FAE}.Debug|Any CPU.ActiveCfg = Debug|Any CPU
		{E8047783-ADD0-4B53-96D9-B87C572E7FAE}.Debug|Any CPU.Build.0 = Debug|Any CPU
		{E8047783-ADD0-4B53-96D9-B87C572E7FAE}.Release|Any CPU.ActiveCfg = Release|Any CPU
		{E8047783-ADD0-4B53-96D9-B87C572E7FAE}.Release|Any CPU.Build.0 = Release|Any CPU
		{BCA07BC7-3D04-420A-B47B-FE64219899D4}.Debug|Any CPU.ActiveCfg = Debug|Any CPU
		{BCA07BC7-3D04-420A-B47B-FE64219899D4}.Debug|Any CPU.Build.0 = Debug|Any CPU
		{BCA07BC7-3D04-420A-B47B-FE64219899D4}.Release|Any CPU.ActiveCfg = Release|Any CPU
		{BCA07BC7-3D04-420A-B47B-FE64219899D4}.Release|Any CPU.Build.0 = Release|Any CPU
		{D00ECFB9-5393-4F36-A43C-46488B83F54F}.Debug|Any CPU.ActiveCfg = Debug|Any CPU
		{D00ECFB9-5393-4F36-A43C-46488B83F54F}.Debug|Any CPU.Build.0 = Debug|Any CPU
		{D00ECFB9-5393-4F36-A43C-46488B83F54F}.Release|Any CPU.ActiveCfg = Release|Any CPU
		{D00ECFB9-5393-4F36-A43C-46488B83F54F}.Release|Any CPU.Build.0 = Release|Any CPU
		{BBB5C051-9935-4232-9624-28B8B5B7C35D}.Debug|Any CPU.ActiveCfg = Debug|Any CPU
		{BBB5C051-9935-4232-9624-28B8B5B7C35D}.Debug|Any CPU.Build.0 = Debug|Any CPU
		{BBB5C051-9935-4232-9624-28B8B5B7C35D}.Release|Any CPU.ActiveCfg = Release|Any CPU
		{BBB5C051-9935-4232-9624-28B8B5B7C35D}.Release|Any CPU.Build.0 = Release|Any CPU
	EndGlobalSection
	GlobalSection(SolutionProperties) = preSolution
		HideSolutionNode = FALSE
	EndGlobalSection
	GlobalSection(ExtensibilityGlobals) = postSolution
		SolutionGuid = {C43274EA-6DE8-4765-AADC-07A8E2E1906B}
	EndGlobalSection
EndGlobal
