
Microsoft Visual Studio Solution File, Format Version 12.00
# Visual Studio 15
VisualStudioVersion = 15.0.28010.2016
MinimumVisualStudioVersion = 10.0.40219.1
Project("{FAE04EC0-301F-11D3-BF4B-00C04F79EFBC}") = "WebApi.Domain", "WebApi.Domain\WebApi.Domain.csproj", "{984C2B67-F3A4-4362-AA28-A319859E01D3}"
EndProject
Project("{FAE04EC0-301F-11D3-BF4B-00C04F79EFBC}") = "WebApi.Data", "WebApi.Data\WebApi.Data.csproj", "{E8047783-ADD0-4B53-96D9-B87C572E7FAE}"
EndProject
Global
	GlobalSection(SolutionConfigurationPlatforms) = preSolution
		Debug|Any CPU = Debug|Any CPU
		Release|Any CPU = Release|Any CPU
	EndGlobalSection
	GlobalSection(ProjectConfigurationPlatforms) = postSolution
		{984C2B67-F3A4-4362-AA28-A319859E01D3}.Debug|Any CPU.ActiveCfg = Debug|Any CPU
		{984C2B67-F3A4-4362-AA28-A319859E01D3}.Debug|Any CPU.Build.0 = Debug|Any CPU
		{984C2B67-F3A4-4362-AA28-A319859E01D3}.Release|Any CPU.ActiveCfg = Release|Any CPU
		{984C2B67-F3A4-4362-AA28-A319859E01D3}.Release|Any CPU.Build.0 = Release|Any CPU
		{E8047783-ADD0-4B53-96D9-B87C572E7FAE}.Debug|Any CPU.ActiveCfg = Debug|Any CPU
		{E8047783-ADD0-4B53-96D9-B87C572E7FAE}.Debug|Any CPU.Build.0 = Debug|Any CPU
		{E8047783-ADD0-4B53-96D9-B87C572E7FAE}.Release|Any CPU.ActiveCfg = Release|Any CPU
		{E8047783-ADD0-4B53-96D9-B87C572E7FAE}.Release|Any CPU.Build.0 = Release|Any CPU
	EndGlobalSection
	GlobalSection(SolutionProperties) = preSolution
		HideSolutionNode = FALSE
	EndGlobalSection
	GlobalSection(ExtensibilityGlobals) = postSolution
		SolutionGuid = {C43274EA-6DE8-4765-AADC-07A8E2E1906B}
	EndGlobalSection
EndGlobal
